
Microsoft Visual Studio Solution File, Format Version 12.00
# Visual Studio Version 17
VisualStudioVersion = 17.2.32519.379
MinimumVisualStudioVersion = 10.0.40219.1
Project("{FAE04EC0-301F-11D3-BF4B-00C04F79EFBC}") = "Micro.IDS4", "Micro.IDS4\Micro.IDS4.csproj", "{5F9B28FD-DDEC-4624-AD18-769E120536CB}"
EndProject
Global
	GlobalSection(SolutionConfigurationPlatforms) = preSolution
		Debug|Any CPU = Debug|Any CPU
		Release|Any CPU = Release|Any CPU
	EndGlobalSection
	GlobalSection(ProjectConfigurationPlatforms) = postSolution
		{5F9B28FD-DDEC-4624-AD18-769E120536CB}.Debug|Any CPU.ActiveCfg = Debug|Any CPU
		{5F9B28FD-DDEC-4624-AD18-769E120536CB}.Debug|Any CPU.Build.0 = Debug|Any CPU
		{5F9B28FD-DDEC-4624-AD18-769E120536CB}.Release|Any CPU.ActiveCfg = Release|Any CPU
		{5F9B28FD-DDEC-4624-AD18-769E120536CB}.Release|Any CPU.Build.0 = Release|Any CPU
	EndGlobalSection
	GlobalSection(SolutionProperties) = preSolution
		HideSolutionNode = FALSE
	EndGlobalSection
	GlobalSection(ExtensibilityGlobals) = postSolution
		SolutionGuid = {C0D8D423-8B2D-4249-B0ED-B749E547B90F}
	EndGlobalSection
EndGlobal
